
Microsoft Visual Studio Solution File, Format Version 12.00
# Visual Studio Version 16
VisualStudioVersion = 16.0.32002.261
MinimumVisualStudioVersion = 10.0.40219.1
Project("{9A19103F-16F7-4668-BE54-9A1E7A4F7556}") = "evil-amazon-server", "evil-amazon-server.csproj", "{58EA0724-BB75-4F92-B1A4-9AC8DB9534D2}"
EndProject
Project("{FAE04EC0-301F-11D3-BF4B-00C04F79EFBC}") = "entities", "..\entities\entities.csproj", "{8EC5E6CC-2F03-4F2B-A353-69E968047D9B}"
EndProject
Global
	GlobalSection(SolutionConfigurationPlatforms) = preSolution
		Debug|Any CPU = Debug|Any CPU
		Release|Any CPU = Release|Any CPU
	EndGlobalSection
	GlobalSection(ProjectConfigurationPlatforms) = postSolution
		{58EA0724-BB75-4F92-B1A4-9AC8DB9534D2}.Debug|Any CPU.ActiveCfg = Debug|Any CPU
		{58EA0724-BB75-4F92-B1A4-9AC8DB9534D2}.Debug|Any CPU.Build.0 = Debug|Any CPU
		{58EA0724-BB75-4F92-B1A4-9AC8DB9534D2}.Release|Any CPU.ActiveCfg = Release|Any CPU
		{58EA0724-BB75-4F92-B1A4-9AC8DB9534D2}.Release|Any CPU.Build.0 = Release|Any CPU
		{8EC5E6CC-2F03-4F2B-A353-69E968047D9B}.Debug|Any CPU.ActiveCfg = Debug|Any CPU
		{8EC5E6CC-2F03-4F2B-A353-69E968047D9B}.Debug|Any CPU.Build.0 = Debug|Any CPU
		{8EC5E6CC-2F03-4F2B-A353-69E968047D9B}.Release|Any CPU.ActiveCfg = Release|Any CPU
		{8EC5E6CC-2F03-4F2B-A353-69E968047D9B}.Release|Any CPU.Build.0 = Release|Any CPU
	EndGlobalSection
	GlobalSection(SolutionProperties) = preSolution
		HideSolutionNode = FALSE
	EndGlobalSection
	GlobalSection(ExtensibilityGlobals) = postSolution
		SolutionGuid = {F91C4B41-6D02-4F11-8B2B-A8D04E59F3F9}
	EndGlobalSection
EndGlobal
